
Microsoft Visual Studio Solution File, Format Version 12.00
# Visual Studio Version 17
VisualStudioVersion = 17.6.33829.357
MinimumVisualStudioVersion = 10.0.40219.1
Project("{FAE04EC0-301F-11D3-BF4B-00C04F79EFBC}") = "Atividade", "Atividade\Atividade.csproj", "{3622EA27-9927-4155-8466-C483C998B4E2}"
EndProject
Global
	GlobalSection(SolutionConfigurationPlatforms) = preSolution
		Debug|Any CPU = Debug|Any CPU
		Release|Any CPU = Release|Any CPU
	EndGlobalSection
	GlobalSection(ProjectConfigurationPlatforms) = postSolution
		{3622EA27-9927-4155-8466-C483C998B4E2}.Debug|Any CPU.ActiveCfg = Debug|Any CPU
		{3622EA27-9927-4155-8466-C483C998B4E2}.Debug|Any CPU.Build.0 = Debug|Any CPU
		{3622EA27-9927-4155-8466-C483C998B4E2}.Release|Any CPU.ActiveCfg = Release|Any CPU
		{3622EA27-9927-4155-8466-C483C998B4E2}.Release|Any CPU.Build.0 = Release|Any CPU
	EndGlobalSection
	GlobalSection(SolutionProperties) = preSolution
		HideSolutionNode = FALSE
	EndGlobalSection
	GlobalSection(ExtensibilityGlobals) = postSolution
		SolutionGuid = {1828F33D-AC44-4BFF-8CE4-187E2D72CE79}
	EndGlobalSection
EndGlobal
